
Microsoft Visual Studio Solution File, Format Version 12.00
# Visual Studio Version 17
VisualStudioVersion = 17.9.34902.65
MinimumVisualStudioVersion = 10.0.40219.1
Project("{2150E333-8FDC-42A3-9474-1A3956D46DE8}") = "Services", "Services", "{49A0F27F-41DB-4DD1-B5D2-5F720E68485A}"
EndProject
Project("{2150E333-8FDC-42A3-9474-1A3956D46DE8}") = "Catalog", "Catalog", "{5F5A1C51-CFE0-4C6A-9D78-C06E5E9E0223}"
EndProject
Project("{9A19103F-16F7-4668-BE54-9A1E7A4F7556}") = "Catalog.API", "Services\Catalog\Catalog.API\Catalog.API.csproj", "{992B0AC4-C9BD-4C85-9BAC-4075A107C9A2}"
EndProject
Project("{2150E333-8FDC-42A3-9474-1A3956D46DE8}") = "BuildingBlocks", "BuildingBlocks", "{2B4068E1-863C-4443-AC7E-66843F57F37F}"
EndProject
Project("{9A19103F-16F7-4668-BE54-9A1E7A4F7556}") = "BuildingBlocks", "BuildingBlocks\BuildingBlocks\BuildingBlocks.csproj", "{2993BE36-F183-4053-A628-79BC46F752FC}"
EndProject
Project("{E53339B2-1760-4266-BCC7-CA923CBCF16C}") = "docker-compose", "docker-compose.dcproj", "{E4AA8560-D0FB-4CA0-B581-F4F468C2C0B8}"
EndProject
Project("{2150E333-8FDC-42A3-9474-1A3956D46DE8}") = "Basket", "Basket", "{E8AAB5EA-C72E-4747-8236-27A08B00AB56}"
EndProject
Project("{9A19103F-16F7-4668-BE54-9A1E7A4F7556}") = "Basket.api", "Services\Basket\Basket.api\Basket.api.csproj", "{DAB37622-5DE3-4B36-8DC6-2928AECB5752}"
EndProject
Project("{2150E333-8FDC-42A3-9474-1A3956D46DE8}") = "Discount", "Discount", "{F1C1EFF5-D0C4-4928-B4AE-5384948525F5}"
EndProject
Project("{FAE04EC0-301F-11D3-BF4B-00C04F79EFBC}") = "Discount.Grpc", "Services\Discount\Discount.Grpc\Discount.Grpc.csproj", "{C18A9192-464D-49C1-A763-2DC96C094F13}"
EndProject
Project("{2150E333-8FDC-42A3-9474-1A3956D46DE8}") = "Ordering", "Ordering", "{293CF067-F432-484F-8621-C107EE3A3660}"
EndProject
Project("{FAE04EC0-301F-11D3-BF4B-00C04F79EFBC}") = "Ordering.API", "Services\Ordering\Ordering.API\Ordering.API.csproj", "{69369D72-17F8-419D-833A-E49F26DAEACA}"
EndProject
Project("{FAE04EC0-301F-11D3-BF4B-00C04F79EFBC}") = "Ordering.Domain", "Services\Ordering\Ordering.Domain\Ordering.Domain.csproj", "{9B3C3B35-7A63-4C43-8F00-1501A9CCB467}"
EndProject
Project("{FAE04EC0-301F-11D3-BF4B-00C04F79EFBC}") = "Ordering.Infrastruture", "Services\Ordering\Ordering.Infrastruture\Ordering.Infrastruture.csproj", "{A68DB2AD-97DF-4ADE-A2CB-5687777ECD7C}"
EndProject
Project("{FAE04EC0-301F-11D3-BF4B-00C04F79EFBC}") = "Ordering.Applicaion", "Services\Ordering\Ordering.Applicaion\Ordering.Applicaion.csproj", "{EA236F84-386C-45EE-93EC-46BBA8BD10F8}"
EndProject
Global
	GlobalSection(SolutionConfigurationPlatforms) = preSolution
		Debug|Any CPU = Debug|Any CPU
		Release|Any CPU = Release|Any CPU
	EndGlobalSection
	GlobalSection(ProjectConfigurationPlatforms) = postSolution
		{992B0AC4-C9BD-4C85-9BAC-4075A107C9A2}.Debug|Any CPU.ActiveCfg = Debug|Any CPU
		{992B0AC4-C9BD-4C85-9BAC-4075A107C9A2}.Debug|Any CPU.Build.0 = Debug|Any CPU
		{992B0AC4-C9BD-4C85-9BAC-4075A107C9A2}.Release|Any CPU.ActiveCfg = Release|Any CPU
		{992B0AC4-C9BD-4C85-9BAC-4075A107C9A2}.Release|Any CPU.Build.0 = Release|Any CPU
		{2993BE36-F183-4053-A628-79BC46F752FC}.Debug|Any CPU.ActiveCfg = Debug|Any CPU
		{2993BE36-F183-4053-A628-79BC46F752FC}.Debug|Any CPU.Build.0 = Debug|Any CPU
		{2993BE36-F183-4053-A628-79BC46F752FC}.Release|Any CPU.ActiveCfg = Release|Any CPU
		{2993BE36-F183-4053-A628-79BC46F752FC}.Release|Any CPU.Build.0 = Release|Any CPU
		{E4AA8560-D0FB-4CA0-B581-F4F468C2C0B8}.Debug|Any CPU.ActiveCfg = Debug|Any CPU
		{E4AA8560-D0FB-4CA0-B581-F4F468C2C0B8}.Debug|Any CPU.Build.0 = Debug|Any CPU
		{E4AA8560-D0FB-4CA0-B581-F4F468C2C0B8}.Release|Any CPU.ActiveCfg = Release|Any CPU
		{E4AA8560-D0FB-4CA0-B581-F4F468C2C0B8}.Release|Any CPU.Build.0 = Release|Any CPU
		{DAB37622-5DE3-4B36-8DC6-2928AECB5752}.Debug|Any CPU.ActiveCfg = Debug|Any CPU
		{DAB37622-5DE3-4B36-8DC6-2928AECB5752}.Debug|Any CPU.Build.0 = Debug|Any CPU
		{DAB37622-5DE3-4B36-8DC6-2928AECB5752}.Release|Any CPU.ActiveCfg = Release|Any CPU
		{DAB37622-5DE3-4B36-8DC6-2928AECB5752}.Release|Any CPU.Build.0 = Release|Any CPU
		{C18A9192-464D-49C1-A763-2DC96C094F13}.Debug|Any CPU.ActiveCfg = Debug|Any CPU
		{C18A9192-464D-49C1-A763-2DC96C094F13}.Debug|Any CPU.Build.0 = Debug|Any CPU
		{C18A9192-464D-49C1-A763-2DC96C094F13}.Release|Any CPU.ActiveCfg = Release|Any CPU
		{C18A9192-464D-49C1-A763-2DC96C094F13}.Release|Any CPU.Build.0 = Release|Any CPU
		{69369D72-17F8-419D-833A-E49F26DAEACA}.Debug|Any CPU.ActiveCfg = Debug|Any CPU
		{69369D72-17F8-419D-833A-E49F26DAEACA}.Debug|Any CPU.Build.0 = Debug|Any CPU
		{69369D72-17F8-419D-833A-E49F26DAEACA}.Release|Any CPU.ActiveCfg = Release|Any CPU
		{69369D72-17F8-419D-833A-E49F26DAEACA}.Release|Any CPU.Build.0 = Release|Any CPU
		{9B3C3B35-7A63-4C43-8F00-1501A9CCB467}.Debug|Any CPU.ActiveCfg = Debug|Any CPU
		{9B3C3B35-7A63-4C43-8F00-1501A9CCB467}.Debug|Any CPU.Build.0 = Debug|Any CPU
		{9B3C3B35-7A63-4C43-8F00-1501A9CCB467}.Release|Any CPU.ActiveCfg = Release|Any CPU
		{9B3C3B35-7A63-4C43-8F00-1501A9CCB467}.Release|Any CPU.Build.0 = Release|Any CPU
		{A68DB2AD-97DF-4ADE-A2CB-5687777ECD7C}.Debug|Any CPU.ActiveCfg = Debug|Any CPU
		{A68DB2AD-97DF-4ADE-A2CB-5687777ECD7C}.Debug|Any CPU.Build.0 = Debug|Any CPU
		{A68DB2AD-97DF-4ADE-A2CB-5687777ECD7C}.Release|Any CPU.ActiveCfg = Release|Any CPU
		{A68DB2AD-97DF-4ADE-A2CB-5687777ECD7C}.Release|Any CPU.Build.0 = Release|Any CPU
		{EA236F84-386C-45EE-93EC-46BBA8BD10F8}.Debug|Any CPU.ActiveCfg = Debug|Any CPU
		{EA236F84-386C-45EE-93EC-46BBA8BD10F8}.Debug|Any CPU.Build.0 = Debug|Any CPU
		{EA236F84-386C-45EE-93EC-46BBA8BD10F8}.Release|Any CPU.ActiveCfg = Release|Any CPU
		{EA236F84-386C-45EE-93EC-46BBA8BD10F8}.Release|Any CPU.Build.0 = Release|Any CPU
	EndGlobalSection
	GlobalSection(SolutionProperties) = preSolution
		HideSolutionNode = FALSE
	EndGlobalSection
	GlobalSection(NestedProjects) = preSolution
		{5F5A1C51-CFE0-4C6A-9D78-C06E5E9E0223} = {49A0F27F-41DB-4DD1-B5D2-5F720E68485A}
		{992B0AC4-C9BD-4C85-9BAC-4075A107C9A2} = {5F5A1C51-CFE0-4C6A-9D78-C06E5E9E0223}
		{2993BE36-F183-4053-A628-79BC46F752FC} = {2B4068E1-863C-4443-AC7E-66843F57F37F}
		{E8AAB5EA-C72E-4747-8236-27A08B00AB56} = {49A0F27F-41DB-4DD1-B5D2-5F720E68485A}
		{DAB37622-5DE3-4B36-8DC6-2928AECB5752} = {E8AAB5EA-C72E-4747-8236-27A08B00AB56}
		{F1C1EFF5-D0C4-4928-B4AE-5384948525F5} = {49A0F27F-41DB-4DD1-B5D2-5F720E68485A}
		{C18A9192-464D-49C1-A763-2DC96C094F13} = {F1C1EFF5-D0C4-4928-B4AE-5384948525F5}
		{293CF067-F432-484F-8621-C107EE3A3660} = {49A0F27F-41DB-4DD1-B5D2-5F720E68485A}
		{69369D72-17F8-419D-833A-E49F26DAEACA} = {293CF067-F432-484F-8621-C107EE3A3660}
		{9B3C3B35-7A63-4C43-8F00-1501A9CCB467} = {293CF067-F432-484F-8621-C107EE3A3660}
		{A68DB2AD-97DF-4ADE-A2CB-5687777ECD7C} = {293CF067-F432-484F-8621-C107EE3A3660}
		{EA236F84-386C-45EE-93EC-46BBA8BD10F8} = {293CF067-F432-484F-8621-C107EE3A3660}
	EndGlobalSection
	GlobalSection(ExtensibilityGlobals) = postSolution
		SolutionGuid = {A7F7D1FC-6ED2-4444-9BC5-E8717A903B9C}
	EndGlobalSection
EndGlobal
